// !$*UTF8*$!
{
	archiveVersion = 1;
	classes = {
	};
	objectVersion = 56;
	objects = {

/* Begin PBXBuildFile section */
		04188B192C8C82D80030FF97 /* FavoriteButton.swift in Sources */ = {isa = PBXBuildFile; fileRef = 04188B182C8C82D80030FF97 /* FavoriteButton.swift */; };
		0435CB3D2C8DD86E001F3272 /* HexagonParameters.swift in Sources */ = {isa = PBXBuildFile; fileRef = 0435CB3C2C8DD86E001F3272 /* HexagonParameters.swift */; };
		0435CB3F2C8DDA5F001F3272 /* BadgeBackground.swift in Sources */ = {isa = PBXBuildFile; fileRef = 0435CB3E2C8DDA5F001F3272 /* BadgeBackground.swift */; };
		0435CB412C8DDDB5001F3272 /* BadgeSymbol.swift in Sources */ = {isa = PBXBuildFile; fileRef = 0435CB402C8DDDB5001F3272 /* BadgeSymbol.swift */; };
		0435CB432C8DDFC4001F3272 /* RotatedBadgeSymbol.swift in Sources */ = {isa = PBXBuildFile; fileRef = 0435CB422C8DDFC4001F3272 /* RotatedBadgeSymbol.swift */; };
		0435CB452C8DE024001F3272 /* Badge.swift in Sources */ = {isa = PBXBuildFile; fileRef = 0435CB442C8DE024001F3272 /* Badge.swift */; };
		043713972C8C6413002FD737 /* LandmarkRow.swift in Sources */ = {isa = PBXBuildFile; fileRef = 043713962C8C6413002FD737 /* LandmarkRow.swift */; };
		043713992C8C65A9002FD737 /* LandmarkList.swift in Sources */ = {isa = PBXBuildFile; fileRef = 043713982C8C65A9002FD737 /* LandmarkList.swift */; };
		0437139B2C8C670A002FD737 /* LandmarkDetail.swift in Sources */ = {isa = PBXBuildFile; fileRef = 0437139A2C8C670A002FD737 /* LandmarkDetail.swift */; };
		0482A7252C8B2B6F00E31439 /* LandmarksApp.swift in Sources */ = {isa = PBXBuildFile; fileRef = 0482A7242C8B2B6F00E31439 /* LandmarksApp.swift */; };
		0482A7272C8B2B6F00E31439 /* ContentView.swift in Sources */ = {isa = PBXBuildFile; fileRef = 0482A7262C8B2B6F00E31439 /* ContentView.swift */; };
		0482A7292C8B2B7000E31439 /* Assets.xcassets in Resources */ = {isa = PBXBuildFile; fileRef = 0482A7282C8B2B7000E31439 /* Assets.xcassets */; };
		0482A72C2C8B2B7000E31439 /* Preview Assets.xcassets in Resources */ = {isa = PBXBuildFile; fileRef = 0482A72B2C8B2B7000E31439 /* Preview Assets.xcassets */; };
		0482A7332C8B2FC200E31439 /* CircleImage.swift in Sources */ = {isa = PBXBuildFile; fileRef = 0482A7322C8B2FC200E31439 /* CircleImage.swift */; };
		0482A7352C8B305400E31439 /* MapView.swift in Sources */ = {isa = PBXBuildFile; fileRef = 0482A7342C8B305400E31439 /* MapView.swift */; };
		0482A7392C8C5F3400E31439 /* landmarkData.json in Resources */ = {isa = PBXBuildFile; fileRef = 0482A7382C8C5F3400E31439 /* landmarkData.json */; };
		0482A73B2C8C5F6400E31439 /* Landmark.swift in Sources */ = {isa = PBXBuildFile; fileRef = 0482A73A2C8C5F6400E31439 /* Landmark.swift */; };
		0482A73E2C8C60AE00E31439 /* ModelData.swift in Sources */ = {isa = PBXBuildFile; fileRef = 0482A73D2C8C60AE00E31439 /* ModelData.swift */; };
		04D545482C8E2CA60096BB0C /* hikeData.json in Resources */ = {isa = PBXBuildFile; fileRef = 04D545472C8E2CA60096BB0C /* hikeData.json */; };
		04D5454A2C8E2CC20096BB0C /* Hike.swift in Sources */ = {isa = PBXBuildFile; fileRef = 04D545492C8E2CC20096BB0C /* Hike.swift */; };
		04D545502C8E2DCC0096BB0C /* GraphCapsule.swift in Sources */ = {isa = PBXBuildFile; fileRef = 04D5454B2C8E2DCC0096BB0C /* GraphCapsule.swift */; };
		04D545512C8E2DCC0096BB0C /* HikeDetail.swift in Sources */ = {isa = PBXBuildFile; fileRef = 04D5454C2C8E2DCC0096BB0C /* HikeDetail.swift */; };
		04D545522C8E2DCC0096BB0C /* HikeGraph.swift in Sources */ = {isa = PBXBuildFile; fileRef = 04D5454D2C8E2DCC0096BB0C /* HikeGraph.swift */; };
		04D545532C8E2DCC0096BB0C /* HikeView.swift in Sources */ = {isa = PBXBuildFile; fileRef = 04D5454E2C8E2DCC0096BB0C /* HikeView.swift */; };
		04D545562C8E36420096BB0C /* CategoryHome.swift in Sources */ = {isa = PBXBuildFile; fileRef = 04D545552C8E36420096BB0C /* CategoryHome.swift */; };
		04D545582C8E389C0096BB0C /* CategoryRow.swift in Sources */ = {isa = PBXBuildFile; fileRef = 04D545572C8E389C0096BB0C /* CategoryRow.swift */; };
		04D5455A2C8E39D60096BB0C /* CategoryItem.swift in Sources */ = {isa = PBXBuildFile; fileRef = 04D545592C8E39D60096BB0C /* CategoryItem.swift */; };
		04D5455C2C8E3CF90096BB0C /* Profile.swift in Sources */ = {isa = PBXBuildFile; fileRef = 04D5455B2C8E3CF90096BB0C /* Profile.swift */; };
		04D5455F2C8E3DB20096BB0C /* ProfileHost.swift in Sources */ = {isa = PBXBuildFile; fileRef = 04D5455E2C8E3DB20096BB0C /* ProfileHost.swift */; };
		04D545612C8E3E020096BB0C /* ProfileSummary.swift in Sources */ = {isa = PBXBuildFile; fileRef = 04D545602C8E3E020096BB0C /* ProfileSummary.swift */; };
		04D545632C8E3F230096BB0C /* HikeBadge.swift in Sources */ = {isa = PBXBuildFile; fileRef = 04D545622C8E3F230096BB0C /* HikeBadge.swift */; };
		04D545652C8E430D0096BB0C /* ProfileEditor.swift in Sources */ = {isa = PBXBuildFile; fileRef = 04D545642C8E430D0096BB0C /* ProfileEditor.swift */; };
		04D545682C8E45A50096BB0C /* PageViewController.swift in Sources */ = {isa = PBXBuildFile; fileRef = 04D545672C8E45A50096BB0C /* PageViewController.swift */; };
		04D5456A2C8E477E0096BB0C /* FeatureCard.swift in Sources */ = {isa = PBXBuildFile; fileRef = 04D545692C8E477E0096BB0C /* FeatureCard.swift */; };
		04D5456C2C8E491A0096BB0C /* PageView.swift in Sources */ = {isa = PBXBuildFile; fileRef = 04D5456B2C8E491A0096BB0C /* PageView.swift */; };
		04D5456E2C9050E70096BB0C /* PageControl.swift in Sources */ = {isa = PBXBuildFile; fileRef = 04D5456D2C9050E70096BB0C /* PageControl.swift */; };
		04D545782C9059470096BB0C /* ContentView.swift in Sources */ = {isa = PBXBuildFile; fileRef = 04D545772C9059470096BB0C /* ContentView.swift */; };
		04D5457A2C9059480096BB0C /* Assets.xcassets in Resources */ = {isa = PBXBuildFile; fileRef = 04D545792C9059480096BB0C /* Assets.xcassets */; };
		04D5457D2C9059480096BB0C /* Preview Assets.xcassets in Resources */ = {isa = PBXBuildFile; fileRef = 04D5457C2C9059480096BB0C /* Preview Assets.xcassets */; };
		04D545802C9059480096BB0C /* WatchLandmarks Watch App.app in Embed Watch Content */ = {isa = PBXBuildFile; fileRef = 04D545732C9059470096BB0C /* WatchLandmarks Watch App.app */; settings = {ATTRIBUTES = (RemoveHeadersOnCopy, ); }; };
		04D545852C905BD60096BB0C /* LandmarkRow.swift in Sources */ = {isa = PBXBuildFile; fileRef = 043713962C8C6413002FD737 /* LandmarkRow.swift */; };
		04D545862C905BD60096BB0C /* Profile.swift in Sources */ = {isa = PBXBuildFile; fileRef = 04D5455B2C8E3CF90096BB0C /* Profile.swift */; };
		04D545872C905BD60096BB0C /* Landmark.swift in Sources */ = {isa = PBXBuildFile; fileRef = 0482A73A2C8C5F6400E31439 /* Landmark.swift */; };
		04D545882C905BD60096BB0C /* Hike.swift in Sources */ = {isa = PBXBuildFile; fileRef = 04D545492C8E2CC20096BB0C /* Hike.swift */; };
		04D545892C905BD60096BB0C /* LandmarksApp.swift in Sources */ = {isa = PBXBuildFile; fileRef = 0482A7242C8B2B6F00E31439 /* LandmarksApp.swift */; };
		04D5458A2C905BD60096BB0C /* ModelData.swift in Sources */ = {isa = PBXBuildFile; fileRef = 0482A73D2C8C60AE00E31439 /* ModelData.swift */; };
		04D5458B2C905BD60096BB0C /* LandmarkList.swift in Sources */ = {isa = PBXBuildFile; fileRef = 043713982C8C65A9002FD737 /* LandmarkList.swift */; };
		04D5458C2C905BD60096BB0C /* MapView.swift in Sources */ = {isa = PBXBuildFile; fileRef = 0482A7342C8B305400E31439 /* MapView.swift */; };
		04D5458D2C905BD60096BB0C /* CircleImage.swift in Sources */ = {isa = PBXBuildFile; fileRef = 0482A7322C8B2FC200E31439 /* CircleImage.swift */; };
		04D5458E2C905BD60096BB0C /* landmarkData.json in Resources */ = {isa = PBXBuildFile; fileRef = 0482A7382C8C5F3400E31439 /* landmarkData.json */; };
		04D5458F2C905BD60096BB0C /* Assets.xcassets in Resources */ = {isa = PBXBuildFile; fileRef = 0482A7282C8B2B7000E31439 /* Assets.xcassets */; };
		04D545902C905BD60096BB0C /* hikeData.json in Resources */ = {isa = PBXBuildFile; fileRef = 04D545472C8E2CA60096BB0C /* hikeData.json */; };
		04D545942C905C860096BB0C /* LandmarkDetail.swift in Sources */ = {isa = PBXBuildFile; fileRef = 04D545932C905C860096BB0C /* LandmarkDetail.swift */; };
		04D545962C9090670096BB0C /* NotificationView.swift in Sources */ = {isa = PBXBuildFile; fileRef = 04D545952C9090670096BB0C /* NotificationView.swift */; };
		04D545982C9091330096BB0C /* NotificationController.swift in Sources */ = {isa = PBXBuildFile; fileRef = 04D545972C9091330096BB0C /* NotificationController.swift */; };
		04D5459A2C9093540096BB0C /* PushNotificationPayload.apns in Resources */ = {isa = PBXBuildFile; fileRef = 04D545992C9093540096BB0C /* PushNotificationPayload.apns */; };
		04D545A42C91D2330096BB0C /* ContentView.swift in Sources */ = {isa = PBXBuildFile; fileRef = 04D545A32C91D2330096BB0C /* ContentView.swift */; };
		04D545A62C91D2340096BB0C /* Assets.xcassets in Resources */ = {isa = PBXBuildFile; fileRef = 04D545A52C91D2340096BB0C /* Assets.xcassets */; };
		04D545A92C91D2340096BB0C /* Preview Assets.xcassets in Resources */ = {isa = PBXBuildFile; fileRef = 04D545A82C91D2340096BB0C /* Preview Assets.xcassets */; };
		04D545AE2C91D45E0096BB0C /* Assets.xcassets in Resources */ = {isa = PBXBuildFile; fileRef = 0482A7282C8B2B7000E31439 /* Assets.xcassets */; };
		04D545AF2C91D45E0096BB0C /* hikeData.json in Resources */ = {isa = PBXBuildFile; fileRef = 04D545472C8E2CA60096BB0C /* hikeData.json */; };
		04D545B02C91D45E0096BB0C /* landmarkData.json in Resources */ = {isa = PBXBuildFile; fileRef = 0482A7382C8C5F3400E31439 /* landmarkData.json */; };
		04D545B12C91D45E0096BB0C /* Landmark.swift in Sources */ = {isa = PBXBuildFile; fileRef = 0482A73A2C8C5F6400E31439 /* Landmark.swift */; };
		04D545B22C91D45E0096BB0C /* FavoriteButton.swift in Sources */ = {isa = PBXBuildFile; fileRef = 04188B182C8C82D80030FF97 /* FavoriteButton.swift */; };
		04D545B32C91D45E0096BB0C /* LandmarkRow.swift in Sources */ = {isa = PBXBuildFile; fileRef = 043713962C8C6413002FD737 /* LandmarkRow.swift */; };
		04D545B42C91D45E0096BB0C /* Hike.swift in Sources */ = {isa = PBXBuildFile; fileRef = 04D545492C8E2CC20096BB0C /* Hike.swift */; };
		04D545B52C91D45E0096BB0C /* LandmarksApp.swift in Sources */ = {isa = PBXBuildFile; fileRef = 0482A7242C8B2B6F00E31439 /* LandmarksApp.swift */; };
		04D545B62C91D45E0096BB0C /* MapView.swift in Sources */ = {isa = PBXBuildFile; fileRef = 0482A7342C8B305400E31439 /* MapView.swift */; };
		04D545B72C91D45E0096BB0C /* LandmarkList.swift in Sources */ = {isa = PBXBuildFile; fileRef = 043713982C8C65A9002FD737 /* LandmarkList.swift */; };
		04D545B82C91D45E0096BB0C /* Profile.swift in Sources */ = {isa = PBXBuildFile; fileRef = 04D5455B2C8E3CF90096BB0C /* Profile.swift */; };
		04D545B92C91D45E0096BB0C /* ModelData.swift in Sources */ = {isa = PBXBuildFile; fileRef = 0482A73D2C8C60AE00E31439 /* ModelData.swift */; };
		04D545BA2C91D45E0096BB0C /* CircleImage.swift in Sources */ = {isa = PBXBuildFile; fileRef = 0482A7322C8B2FC200E31439 /* CircleImage.swift */; };
		04D545BC2C91D5580096BB0C /* LandmarkDetail.swift in Sources */ = {isa = PBXBuildFile; fileRef = 04D545BB2C91D5580096BB0C /* LandmarkDetail.swift */; };
		04D545BE2C92F5540096BB0C /* LandmarkList.swift in Sources */ = {isa = PBXBuildFile; fileRef = 04D545BD2C92F5540096BB0C /* LandmarkList.swift */; };
		04E6EEF02C92FBA4004CE0A4 /* LandmarkCommands.swift in Sources */ = {isa = PBXBuildFile; fileRef = 04E6EEEF2C92FBA4004CE0A4 /* LandmarkCommands.swift */; };
		04E6EEF12C92FBA4004CE0A4 /* LandmarkCommands.swift in Sources */ = {isa = PBXBuildFile; fileRef = 04E6EEEF2C92FBA4004CE0A4 /* LandmarkCommands.swift */; };
		04E6EEF32C92FE35004CE0A4 /* LandmarkSettings.swift in Sources */ = {isa = PBXBuildFile; fileRef = 04E6EEF22C92FE35004CE0A4 /* LandmarkSettings.swift */; };
/* End PBXBuildFile section */

/* Begin PBXContainerItemProxy section */
		04D5457E2C9059480096BB0C /* PBXContainerItemProxy */ = {
			isa = PBXContainerItemProxy;
			containerPortal = 0482A7192C8B2B6F00E31439 /* Project object */;
			proxyType = 1;
			remoteGlobalIDString = 04D545722C9059470096BB0C;
			remoteInfo = "WatchLandmarks Watch App";
		};
/* End PBXContainerItemProxy section */

/* Begin PBXCopyFilesBuildPhase section */
		04D545842C9059480096BB0C /* Embed Watch Content */ = {
			isa = PBXCopyFilesBuildPhase;
			buildActionMask = 2147483647;
			dstPath = "$(CONTENTS_FOLDER_PATH)/Watch";
			dstSubfolderSpec = 16;
			files = (
				04D545802C9059480096BB0C /* WatchLandmarks Watch App.app in Embed Watch Content */,
			);
			name = "Embed Watch Content";
			runOnlyForDeploymentPostprocessing = 0;
		};
/* End PBXCopyFilesBuildPhase section */

/* Begin PBXFileReference section */
		04188B182C8C82D80030FF97 /* FavoriteButton.swift */ = {isa = PBXFileReference; lastKnownFileType = sourcecode.swift; path = FavoriteButton.swift; sourceTree = "<group>"; };
		0435CB3C2C8DD86E001F3272 /* HexagonParameters.swift */ = {isa = PBXFileReference; lastKnownFileType = sourcecode.swift; path = HexagonParameters.swift; sourceTree = "<group>"; };
		0435CB3E2C8DDA5F001F3272 /* BadgeBackground.swift */ = {isa = PBXFileReference; lastKnownFileType = sourcecode.swift; path = BadgeBackground.swift; sourceTree = "<group>"; };
		0435CB402C8DDDB5001F3272 /* BadgeSymbol.swift */ = {isa = PBXFileReference; lastKnownFileType = sourcecode.swift; path = BadgeSymbol.swift; sourceTree = "<group>"; };
		0435CB422C8DDFC4001F3272 /* RotatedBadgeSymbol.swift */ = {isa = PBXFileReference; lastKnownFileType = sourcecode.swift; path = RotatedBadgeSymbol.swift; sourceTree = "<group>"; };
		0435CB442C8DE024001F3272 /* Badge.swift */ = {isa = PBXFileReference; lastKnownFileType = sourcecode.swift; path = Badge.swift; sourceTree = "<group>"; };
		043713962C8C6413002FD737 /* LandmarkRow.swift */ = {isa = PBXFileReference; lastKnownFileType = sourcecode.swift; path = LandmarkRow.swift; sourceTree = "<group>"; };
		043713982C8C65A9002FD737 /* LandmarkList.swift */ = {isa = PBXFileReference; lastKnownFileType = sourcecode.swift; path = LandmarkList.swift; sourceTree = "<group>"; };
		0437139A2C8C670A002FD737 /* LandmarkDetail.swift */ = {isa = PBXFileReference; lastKnownFileType = sourcecode.swift; path = LandmarkDetail.swift; sourceTree = "<group>"; };
		0482A7212C8B2B6F00E31439 /* Landmarks.app */ = {isa = PBXFileReference; explicitFileType = wrapper.application; includeInIndex = 0; path = Landmarks.app; sourceTree = BUILT_PRODUCTS_DIR; };
		0482A7242C8B2B6F00E31439 /* LandmarksApp.swift */ = {isa = PBXFileReference; lastKnownFileType = sourcecode.swift; path = LandmarksApp.swift; sourceTree = "<group>"; };
		0482A7262C8B2B6F00E31439 /* ContentView.swift */ = {isa = PBXFileReference; lastKnownFileType = sourcecode.swift; path = ContentView.swift; sourceTree = "<group>"; };
		0482A7282C8B2B7000E31439 /* Assets.xcassets */ = {isa = PBXFileReference; lastKnownFileType = folder.assetcatalog; path = Assets.xcassets; sourceTree = "<group>"; };
		0482A72B2C8B2B7000E31439 /* Preview Assets.xcassets */ = {isa = PBXFileReference; lastKnownFileType = folder.assetcatalog; path = "Preview Assets.xcassets"; sourceTree = "<group>"; };
		0482A7322C8B2FC200E31439 /* CircleImage.swift */ = {isa = PBXFileReference; lastKnownFileType = sourcecode.swift; path = CircleImage.swift; sourceTree = "<group>"; };
		0482A7342C8B305400E31439 /* MapView.swift */ = {isa = PBXFileReference; lastKnownFileType = sourcecode.swift; path = MapView.swift; sourceTree = "<group>"; };
		0482A7382C8C5F3400E31439 /* landmarkData.json */ = {isa = PBXFileReference; fileEncoding = 4; lastKnownFileType = text.json; path = landmarkData.json; sourceTree = "<group>"; };
		0482A73A2C8C5F6400E31439 /* Landmark.swift */ = {isa = PBXFileReference; lastKnownFileType = sourcecode.swift; path = Landmark.swift; sourceTree = "<group>"; };
		0482A73D2C8C60AE00E31439 /* ModelData.swift */ = {isa = PBXFileReference; lastKnownFileType = sourcecode.swift; path = ModelData.swift; sourceTree = "<group>"; };
		04D545472C8E2CA60096BB0C /* hikeData.json */ = {isa = PBXFileReference; fileEncoding = 4; lastKnownFileType = text.json; path = hikeData.json; sourceTree = "<group>"; };
		04D545492C8E2CC20096BB0C /* Hike.swift */ = {isa = PBXFileReference; lastKnownFileType = sourcecode.swift; path = Hike.swift; sourceTree = "<group>"; };
		04D5454B2C8E2DCC0096BB0C /* GraphCapsule.swift */ = {isa = PBXFileReference; fileEncoding = 4; lastKnownFileType = sourcecode.swift; path = GraphCapsule.swift; sourceTree = "<group>"; };
		04D5454C2C8E2DCC0096BB0C /* HikeDetail.swift */ = {isa = PBXFileReference; fileEncoding = 4; lastKnownFileType = sourcecode.swift; path = HikeDetail.swift; sourceTree = "<group>"; };
		04D5454D2C8E2DCC0096BB0C /* HikeGraph.swift */ = {isa = PBXFileReference; fileEncoding = 4; lastKnownFileType = sourcecode.swift; path = HikeGraph.swift; sourceTree = "<group>"; };
		04D5454E2C8E2DCC0096BB0C /* HikeView.swift */ = {isa = PBXFileReference; fileEncoding = 4; lastKnownFileType = sourcecode.swift; path = HikeView.swift; sourceTree = "<group>"; };
		04D545552C8E36420096BB0C /* CategoryHome.swift */ = {isa = PBXFileReference; lastKnownFileType = sourcecode.swift; path = CategoryHome.swift; sourceTree = "<group>"; };
		04D545572C8E389C0096BB0C /* CategoryRow.swift */ = {isa = PBXFileReference; lastKnownFileType = sourcecode.swift; path = CategoryRow.swift; sourceTree = "<group>"; };
		04D545592C8E39D60096BB0C /* CategoryItem.swift */ = {isa = PBXFileReference; lastKnownFileType = sourcecode.swift; path = CategoryItem.swift; sourceTree = "<group>"; };
		04D5455B2C8E3CF90096BB0C /* Profile.swift */ = {isa = PBXFileReference; lastKnownFileType = sourcecode.swift; path = Profile.swift; sourceTree = "<group>"; };
		04D5455E2C8E3DB20096BB0C /* ProfileHost.swift */ = {isa = PBXFileReference; lastKnownFileType = sourcecode.swift; path = ProfileHost.swift; sourceTree = "<group>"; };
		04D545602C8E3E020096BB0C /* ProfileSummary.swift */ = {isa = PBXFileReference; lastKnownFileType = sourcecode.swift; path = ProfileSummary.swift; sourceTree = "<group>"; };
		04D545622C8E3F230096BB0C /* HikeBadge.swift */ = {isa = PBXFileReference; lastKnownFileType = sourcecode.swift; path = HikeBadge.swift; sourceTree = "<group>"; };
		04D545642C8E430D0096BB0C /* ProfileEditor.swift */ = {isa = PBXFileReference; lastKnownFileType = sourcecode.swift; path = ProfileEditor.swift; sourceTree = "<group>"; };
		04D545672C8E45A50096BB0C /* PageViewController.swift */ = {isa = PBXFileReference; lastKnownFileType = sourcecode.swift; path = PageViewController.swift; sourceTree = "<group>"; };
		04D545692C8E477E0096BB0C /* FeatureCard.swift */ = {isa = PBXFileReference; lastKnownFileType = sourcecode.swift; path = FeatureCard.swift; sourceTree = "<group>"; };
		04D5456B2C8E491A0096BB0C /* PageView.swift */ = {isa = PBXFileReference; lastKnownFileType = sourcecode.swift; path = PageView.swift; sourceTree = "<group>"; };
		04D5456D2C9050E70096BB0C /* PageControl.swift */ = {isa = PBXFileReference; lastKnownFileType = sourcecode.swift; path = PageControl.swift; sourceTree = "<group>"; };
		04D545732C9059470096BB0C /* WatchLandmarks Watch App.app */ = {isa = PBXFileReference; explicitFileType = wrapper.application; includeInIndex = 0; path = "WatchLandmarks Watch App.app"; sourceTree = BUILT_PRODUCTS_DIR; };
		04D545772C9059470096BB0C /* ContentView.swift */ = {isa = PBXFileReference; lastKnownFileType = sourcecode.swift; path = ContentView.swift; sourceTree = "<group>"; };
		04D545792C9059480096BB0C /* Assets.xcassets */ = {isa = PBXFileReference; lastKnownFileType = folder.assetcatalog; path = Assets.xcassets; sourceTree = "<group>"; };
		04D5457C2C9059480096BB0C /* Preview Assets.xcassets */ = {isa = PBXFileReference; lastKnownFileType = folder.assetcatalog; path = "Preview Assets.xcassets"; sourceTree = "<group>"; };
		04D545932C905C860096BB0C /* LandmarkDetail.swift */ = {isa = PBXFileReference; lastKnownFileType = sourcecode.swift; path = LandmarkDetail.swift; sourceTree = "<group>"; };
		04D545952C9090670096BB0C /* NotificationView.swift */ = {isa = PBXFileReference; lastKnownFileType = sourcecode.swift; path = NotificationView.swift; sourceTree = "<group>"; };
		04D545972C9091330096BB0C /* NotificationController.swift */ = {isa = PBXFileReference; lastKnownFileType = sourcecode.swift; path = NotificationController.swift; sourceTree = "<group>"; };
		04D545992C9093540096BB0C /* PushNotificationPayload.apns */ = {isa = PBXFileReference; lastKnownFileType = text; path = PushNotificationPayload.apns; sourceTree = "<group>"; };
		04D5459F2C91D2330096BB0C /* MacLandmarks.app */ = {isa = PBXFileReference; explicitFileType = wrapper.application; includeInIndex = 0; path = MacLandmarks.app; sourceTree = BUILT_PRODUCTS_DIR; };
		04D545A32C91D2330096BB0C /* ContentView.swift */ = {isa = PBXFileReference; lastKnownFileType = sourcecode.swift; path = ContentView.swift; sourceTree = "<group>"; };
		04D545A52C91D2340096BB0C /* Assets.xcassets */ = {isa = PBXFileReference; lastKnownFileType = folder.assetcatalog; path = Assets.xcassets; sourceTree = "<group>"; };
		04D545A82C91D2340096BB0C /* Preview Assets.xcassets */ = {isa = PBXFileReference; lastKnownFileType = folder.assetcatalog; path = "Preview Assets.xcassets"; sourceTree = "<group>"; };
		04D545AA2C91D2340096BB0C /* MacLandmarks.entitlements */ = {isa = PBXFileReference; lastKnownFileType = text.plist.entitlements; path = MacLandmarks.entitlements; sourceTree = "<group>"; };
		04D545BB2C91D5580096BB0C /* LandmarkDetail.swift */ = {isa = PBXFileReference; lastKnownFileType = sourcecode.swift; path = LandmarkDetail.swift; sourceTree = "<group>"; };
		04D545BD2C92F5540096BB0C /* LandmarkList.swift */ = {isa = PBXFileReference; lastKnownFileType = sourcecode.swift; path = LandmarkList.swift; sourceTree = "<group>"; };
		04E6EEEF2C92FBA4004CE0A4 /* LandmarkCommands.swift */ = {isa = PBXFileReference; lastKnownFileType = sourcecode.swift; path = LandmarkCommands.swift; sourceTree = "<group>"; };
		04E6EEF22C92FE35004CE0A4 /* LandmarkSettings.swift */ = {isa = PBXFileReference; lastKnownFileType = sourcecode.swift; path = LandmarkSettings.swift; sourceTree = "<group>"; };
/* End PBXFileReference section */

/* Begin PBXFrameworksBuildPhase section */
		0482A71E2C8B2B6F00E31439 /* Frameworks */ = {
			isa = PBXFrameworksBuildPhase;
			buildActionMask = 2147483647;
			files = (
			);
			runOnlyForDeploymentPostprocessing = 0;
		};
		04D545702C9059470096BB0C /* Frameworks */ = {
			isa = PBXFrameworksBuildPhase;
			buildActionMask = 2147483647;
			files = (
			);
			runOnlyForDeploymentPostprocessing = 0;
		};
		04D5459C2C91D2330096BB0C /* Frameworks */ = {
			isa = PBXFrameworksBuildPhase;
			buildActionMask = 2147483647;
			files = (
			);
			runOnlyForDeploymentPostprocessing = 0;
		};
/* End PBXFrameworksBuildPhase section */

/* Begin PBXGroup section */
		04188B1A2C8CFAE40030FF97 /* Landmarks */ = {
			isa = PBXGroup;
			children = (
				0437139A2C8C670A002FD737 /* LandmarkDetail.swift */,
				043713982C8C65A9002FD737 /* LandmarkList.swift */,
				043713962C8C6413002FD737 /* LandmarkRow.swift */,
			);
			path = Landmarks;
			sourceTree = "<group>";
		};
		04188B1B2C8CFAF60030FF97 /* Helper */ = {
			isa = PBXGroup;
			children = (
				04188B182C8C82D80030FF97 /* FavoriteButton.swift */,
				0482A7342C8B305400E31439 /* MapView.swift */,
				0482A7322C8B2FC200E31439 /* CircleImage.swift */,
			);
			path = Helper;
			sourceTree = "<group>";
		};
		0435CB462C8DE29B001F3272 /* Badges */ = {
			isa = PBXGroup;
			children = (
				0435CB3C2C8DD86E001F3272 /* HexagonParameters.swift */,
				0435CB3E2C8DDA5F001F3272 /* BadgeBackground.swift */,
				0435CB402C8DDDB5001F3272 /* BadgeSymbol.swift */,
				0435CB422C8DDFC4001F3272 /* RotatedBadgeSymbol.swift */,
				0435CB442C8DE024001F3272 /* Badge.swift */,
			);
			path = Badges;
			sourceTree = "<group>";
		};
		0482A7182C8B2B6F00E31439 = {
			isa = PBXGroup;
			children = (
				0482A7232C8B2B6F00E31439 /* Landmarks */,
				04D545742C9059470096BB0C /* WatchLandmarks Watch App */,
				04D545A02C91D2330096BB0C /* MacLandmarks */,
				0482A7222C8B2B6F00E31439 /* Products */,
			);
			sourceTree = "<group>";
		};
		0482A7222C8B2B6F00E31439 /* Products */ = {
			isa = PBXGroup;
			children = (
				0482A7212C8B2B6F00E31439 /* Landmarks.app */,
				04D545732C9059470096BB0C /* WatchLandmarks Watch App.app */,
				04D5459F2C91D2330096BB0C /* MacLandmarks.app */,
			);
			name = Products;
			sourceTree = "<group>";
		};
		0482A7232C8B2B6F00E31439 /* Landmarks */ = {
			isa = PBXGroup;
			children = (
				0482A7242C8B2B6F00E31439 /* LandmarksApp.swift */,
				0482A73C2C8C609D00E31439 /* Model */,
				0482A7372C8C5F1D00E31439 /* Resources */,
				0482A7362C8B37CF00E31439 /* Views */,
				0482A7282C8B2B7000E31439 /* Assets.xcassets */,
				0482A72A2C8B2B7000E31439 /* Preview Content */,
			);
			path = Landmarks;
			sourceTree = "<group>";
		};
		0482A72A2C8B2B7000E31439 /* Preview Content */ = {
			isa = PBXGroup;
			children = (
				0482A72B2C8B2B7000E31439 /* Preview Assets.xcassets */,
			);
			path = "Preview Content";
			sourceTree = "<group>";
		};
		0482A7362C8B37CF00E31439 /* Views */ = {
			isa = PBXGroup;
			children = (
				0482A7262C8B2B6F00E31439 /* ContentView.swift */,
				04D545662C8E45800096BB0C /* PageView */,
				04D5455D2C8E3D9C0096BB0C /* Profiles */,
				04D545542C8E362E0096BB0C /* Categories */,
				04D5454F2C8E2DCC0096BB0C /* Hikes */,
				04188B1A2C8CFAE40030FF97 /* Landmarks */,
				04188B1B2C8CFAF60030FF97 /* Helper */,
				0435CB462C8DE29B001F3272 /* Badges */,
			);
			path = Views;
			sourceTree = "<group>";
		};
		0482A7372C8C5F1D00E31439 /* Resources */ = {
			isa = PBXGroup;
			children = (
				04D545472C8E2CA60096BB0C /* hikeData.json */,
				0482A7382C8C5F3400E31439 /* landmarkData.json */,
			);
			path = Resources;
			sourceTree = "<group>";
		};
		0482A73C2C8C609D00E31439 /* Model */ = {
			isa = PBXGroup;
			children = (
				0482A73A2C8C5F6400E31439 /* Landmark.swift */,
				0482A73D2C8C60AE00E31439 /* ModelData.swift */,
				04D545492C8E2CC20096BB0C /* Hike.swift */,
				04D5455B2C8E3CF90096BB0C /* Profile.swift */,
			);
			path = Model;
			sourceTree = "<group>";
		};
		04D5454F2C8E2DCC0096BB0C /* Hikes */ = {
			isa = PBXGroup;
			children = (
				04D5454B2C8E2DCC0096BB0C /* GraphCapsule.swift */,
				04D5454C2C8E2DCC0096BB0C /* HikeDetail.swift */,
				04D5454D2C8E2DCC0096BB0C /* HikeGraph.swift */,
				04D5454E2C8E2DCC0096BB0C /* HikeView.swift */,
				04D545622C8E3F230096BB0C /* HikeBadge.swift */,
			);
			path = Hikes;
			sourceTree = "<group>";
		};
		04D545542C8E362E0096BB0C /* Categories */ = {
			isa = PBXGroup;
			children = (
				04D545552C8E36420096BB0C /* CategoryHome.swift */,
				04D545572C8E389C0096BB0C /* CategoryRow.swift */,
				04D545592C8E39D60096BB0C /* CategoryItem.swift */,
			);
			path = Categories;
			sourceTree = "<group>";
		};
		04D5455D2C8E3D9C0096BB0C /* Profiles */ = {
			isa = PBXGroup;
			children = (
				04D5455E2C8E3DB20096BB0C /* ProfileHost.swift */,
				04D545602C8E3E020096BB0C /* ProfileSummary.swift */,
				04D545642C8E430D0096BB0C /* ProfileEditor.swift */,
			);
			path = Profiles;
			sourceTree = "<group>";
		};
		04D545662C8E45800096BB0C /* PageView */ = {
			isa = PBXGroup;
			children = (
				04D545672C8E45A50096BB0C /* PageViewController.swift */,
				04D545692C8E477E0096BB0C /* FeatureCard.swift */,
				04D5456B2C8E491A0096BB0C /* PageView.swift */,
				04D5456D2C9050E70096BB0C /* PageControl.swift */,
			);
			path = PageView;
			sourceTree = "<group>";
		};
		04D545742C9059470096BB0C /* WatchLandmarks Watch App */ = {
			isa = PBXGroup;
			children = (
				04D545772C9059470096BB0C /* ContentView.swift */,
				04D545932C905C860096BB0C /* LandmarkDetail.swift */,
				04D545952C9090670096BB0C /* NotificationView.swift */,
				04D545972C9091330096BB0C /* NotificationController.swift */,
				04D545792C9059480096BB0C /* Assets.xcassets */,
				04D5457B2C9059480096BB0C /* Preview Content */,
				04D545992C9093540096BB0C /* PushNotificationPayload.apns */,
				04D545BD2C92F5540096BB0C /* LandmarkList.swift */,
			);
			path = "WatchLandmarks Watch App";
			sourceTree = "<group>";
		};
		04D5457B2C9059480096BB0C /* Preview Content */ = {
			isa = PBXGroup;
			children = (
				04D5457C2C9059480096BB0C /* Preview Assets.xcassets */,
			);
			path = "Preview Content";
			sourceTree = "<group>";
		};
		04D545A02C91D2330096BB0C /* MacLandmarks */ = {
			isa = PBXGroup;
			children = (
				04D545A32C91D2330096BB0C /* ContentView.swift */,
				04D545BB2C91D5580096BB0C /* LandmarkDetail.swift */,
				04D545A52C91D2340096BB0C /* Assets.xcassets */,
				04D545AA2C91D2340096BB0C /* MacLandmarks.entitlements */,
				04D545A72C91D2340096BB0C /* Preview Content */,
				04E6EEEF2C92FBA4004CE0A4 /* LandmarkCommands.swift */,
				04E6EEF22C92FE35004CE0A4 /* LandmarkSettings.swift */,
			);
			path = MacLandmarks;
			sourceTree = "<group>";
		};
		04D545A72C91D2340096BB0C /* Preview Content */ = {
			isa = PBXGroup;
			children = (
				04D545A82C91D2340096BB0C /* Preview Assets.xcassets */,
			);
			path = "Preview Content";
			sourceTree = "<group>";
		};
/* End PBXGroup section */

/* Begin PBXNativeTarget section */
		0482A7202C8B2B6F00E31439 /* Landmarks */ = {
			isa = PBXNativeTarget;
			buildConfigurationList = 0482A72F2C8B2B7000E31439 /* Build configuration list for PBXNativeTarget "Landmarks" */;
			buildPhases = (
				0482A71D2C8B2B6F00E31439 /* Sources */,
				0482A71E2C8B2B6F00E31439 /* Frameworks */,
				0482A71F2C8B2B6F00E31439 /* Resources */,
				04D545842C9059480096BB0C /* Embed Watch Content */,
			);
			buildRules = (
			);
			dependencies = (
				04D5457F2C9059480096BB0C /* PBXTargetDependency */,
			);
			name = Landmarks;
			productName = Landmarks;
			productReference = 0482A7212C8B2B6F00E31439 /* Landmarks.app */;
			productType = "com.apple.product-type.application";
		};
		04D545722C9059470096BB0C /* WatchLandmarks Watch App */ = {
			isa = PBXNativeTarget;
			buildConfigurationList = 04D545812C9059480096BB0C /* Build configuration list for PBXNativeTarget "WatchLandmarks Watch App" */;
			buildPhases = (
				04D5456F2C9059470096BB0C /* Sources */,
				04D545702C9059470096BB0C /* Frameworks */,
				04D545712C9059470096BB0C /* Resources */,
			);
			buildRules = (
			);
			dependencies = (
			);
			name = "WatchLandmarks Watch App";
			productName = "WatchLandmarks Watch App";
			productReference = 04D545732C9059470096BB0C /* WatchLandmarks Watch App.app */;
			productType = "com.apple.product-type.application";
		};
		04D5459E2C91D2330096BB0C /* MacLandmarks */ = {
			isa = PBXNativeTarget;
			buildConfigurationList = 04D545AB2C91D2340096BB0C /* Build configuration list for PBXNativeTarget "MacLandmarks" */;
			buildPhases = (
				04D5459B2C91D2330096BB0C /* Sources */,
				04D5459C2C91D2330096BB0C /* Frameworks */,
				04D5459D2C91D2330096BB0C /* Resources */,
			);
			buildRules = (
			);
			dependencies = (
			);
			name = MacLandmarks;
			productName = MacLandmarks;
			productReference = 04D5459F2C91D2330096BB0C /* MacLandmarks.app */;
			productType = "com.apple.product-type.application";
		};
/* End PBXNativeTarget section */

/* Begin PBXProject section */
		0482A7192C8B2B6F00E31439 /* Project object */ = {
			isa = PBXProject;
			attributes = {
				BuildIndependentTargetsInParallel = 1;
				LastSwiftUpdateCheck = 1540;
				LastUpgradeCheck = 1540;
				TargetAttributes = {
					0482A7202C8B2B6F00E31439 = {
						CreatedOnToolsVersion = 15.4;
					};
					04D545722C9059470096BB0C = {
						CreatedOnToolsVersion = 15.4;
					};
					04D5459E2C91D2330096BB0C = {
						CreatedOnToolsVersion = 15.4;
					};
				};
			};
			buildConfigurationList = 0482A71C2C8B2B6F00E31439 /* Build configuration list for PBXProject "Landmarks" */;
			compatibilityVersion = "Xcode 14.0";
			developmentRegion = en;
			hasScannedForEncodings = 0;
			knownRegions = (
				en,
				Base,
			);
			mainGroup = 0482A7182C8B2B6F00E31439;
			productRefGroup = 0482A7222C8B2B6F00E31439 /* Products */;
			projectDirPath = "";
			projectRoot = "";
			targets = (
				0482A7202C8B2B6F00E31439 /* Landmarks */,
				04D545722C9059470096BB0C /* WatchLandmarks Watch App */,
				04D5459E2C91D2330096BB0C /* MacLandmarks */,
			);
		};
/* End PBXProject section */

/* Begin PBXResourcesBuildPhase section */
		0482A71F2C8B2B6F00E31439 /* Resources */ = {
			isa = PBXResourcesBuildPhase;
			buildActionMask = 2147483647;
			files = (
				04D545482C8E2CA60096BB0C /* hikeData.json in Resources */,
				0482A72C2C8B2B7000E31439 /* Preview Assets.xcassets in Resources */,
				0482A7292C8B2B7000E31439 /* Assets.xcassets in Resources */,
				0482A7392C8C5F3400E31439 /* landmarkData.json in Resources */,
			);
			runOnlyForDeploymentPostprocessing = 0;
		};
		04D545712C9059470096BB0C /* Resources */ = {
			isa = PBXResourcesBuildPhase;
			buildActionMask = 2147483647;
			files = (
				04D5457D2C9059480096BB0C /* Preview Assets.xcassets in Resources */,
				04D5458E2C905BD60096BB0C /* landmarkData.json in Resources */,
				04D5458F2C905BD60096BB0C /* Assets.xcassets in Resources */,
				04D545902C905BD60096BB0C /* hikeData.json in Resources */,
				04D5457A2C9059480096BB0C /* Assets.xcassets in Resources */,
				04D5459A2C9093540096BB0C /* PushNotificationPayload.apns in Resources */,
			);
			runOnlyForDeploymentPostprocessing = 0;
		};
		04D5459D2C91D2330096BB0C /* Resources */ = {
			isa = PBXResourcesBuildPhase;
			buildActionMask = 2147483647;
			files = (
				04D545A92C91D2340096BB0C /* Preview Assets.xcassets in Resources */,
				04D545A62C91D2340096BB0C /* Assets.xcassets in Resources */,
				04D545AE2C91D45E0096BB0C /* Assets.xcassets in Resources */,
				04D545AF2C91D45E0096BB0C /* hikeData.json in Resources */,
				04D545B02C91D45E0096BB0C /* landmarkData.json in Resources */,
			);
			runOnlyForDeploymentPostprocessing = 0;
		};
/* End PBXResourcesBuildPhase section */

/* Begin PBXSourcesBuildPhase section */
		0482A71D2C8B2B6F00E31439 /* Sources */ = {
			isa = PBXSourcesBuildPhase;
			buildActionMask = 2147483647;
			files = (
				04D545582C8E389C0096BB0C /* CategoryRow.swift in Sources */,
				04D5455C2C8E3CF90096BB0C /* Profile.swift in Sources */,
				04E6EEF02C92FBA4004CE0A4 /* LandmarkCommands.swift in Sources */,
				0482A7272C8B2B6F00E31439 /* ContentView.swift in Sources */,
				04D545562C8E36420096BB0C /* CategoryHome.swift in Sources */,
				04D5456A2C8E477E0096BB0C /* FeatureCard.swift in Sources */,
				0435CB452C8DE024001F3272 /* Badge.swift in Sources */,
				0482A7352C8B305400E31439 /* MapView.swift in Sources */,
				04D545502C8E2DCC0096BB0C /* GraphCapsule.swift in Sources */,
				04D545522C8E2DCC0096BB0C /* HikeGraph.swift in Sources */,
				0482A7252C8B2B6F00E31439 /* LandmarksApp.swift in Sources */,
				04D5456E2C9050E70096BB0C /* PageControl.swift in Sources */,
				04188B192C8C82D80030FF97 /* FavoriteButton.swift in Sources */,
				04D5455A2C8E39D60096BB0C /* CategoryItem.swift in Sources */,
				0435CB3D2C8DD86E001F3272 /* HexagonParameters.swift in Sources */,
				04D545682C8E45A50096BB0C /* PageViewController.swift in Sources */,
				04D545612C8E3E020096BB0C /* ProfileSummary.swift in Sources */,
				04D5454A2C8E2CC20096BB0C /* Hike.swift in Sources */,
				04D5455F2C8E3DB20096BB0C /* ProfileHost.swift in Sources */,
				0435CB432C8DDFC4001F3272 /* RotatedBadgeSymbol.swift in Sources */,
				04D5456C2C8E491A0096BB0C /* PageView.swift in Sources */,
				0435CB412C8DDDB5001F3272 /* BadgeSymbol.swift in Sources */,
				043713992C8C65A9002FD737 /* LandmarkList.swift in Sources */,
				04D545652C8E430D0096BB0C /* ProfileEditor.swift in Sources */,
				04D545512C8E2DCC0096BB0C /* HikeDetail.swift in Sources */,
				04D545532C8E2DCC0096BB0C /* HikeView.swift in Sources */,
				0437139B2C8C670A002FD737 /* LandmarkDetail.swift in Sources */,
				0435CB3F2C8DDA5F001F3272 /* BadgeBackground.swift in Sources */,
				04D545632C8E3F230096BB0C /* HikeBadge.swift in Sources */,
				0482A7332C8B2FC200E31439 /* CircleImage.swift in Sources */,
				0482A73B2C8C5F6400E31439 /* Landmark.swift in Sources */,
				043713972C8C6413002FD737 /* LandmarkRow.swift in Sources */,
				0482A73E2C8C60AE00E31439 /* ModelData.swift in Sources */,
			);
			runOnlyForDeploymentPostprocessing = 0;
		};
		04D5456F2C9059470096BB0C /* Sources */ = {
			isa = PBXSourcesBuildPhase;
			buildActionMask = 2147483647;
			files = (
				04D545782C9059470096BB0C /* ContentView.swift in Sources */,
				04D545852C905BD60096BB0C /* LandmarkRow.swift in Sources */,
				04D545862C905BD60096BB0C /* Profile.swift in Sources */,
				04D545BE2C92F5540096BB0C /* LandmarkList.swift in Sources */,
				04D545872C905BD60096BB0C /* Landmark.swift in Sources */,
				04D545882C905BD60096BB0C /* Hike.swift in Sources */,
				04D545892C905BD60096BB0C /* LandmarksApp.swift in Sources */,
				04D5458A2C905BD60096BB0C /* ModelData.swift in Sources */,
				04D5458B2C905BD60096BB0C /* LandmarkList.swift in Sources */,
				04D5458C2C905BD60096BB0C /* MapView.swift in Sources */,
				04D545982C9091330096BB0C /* NotificationController.swift in Sources */,
				04D5458D2C905BD60096BB0C /* CircleImage.swift in Sources */,
				04D545942C905C860096BB0C /* LandmarkDetail.swift in Sources */,
				04D545962C9090670096BB0C /* NotificationView.swift in Sources */,
			);
			runOnlyForDeploymentPostprocessing = 0;
		};
		04D5459B2C91D2330096BB0C /* Sources */ = {
			isa = PBXSourcesBuildPhase;
			buildActionMask = 2147483647;
			files = (
				04D545B12C91D45E0096BB0C /* Landmark.swift in Sources */,
				04D545B22C91D45E0096BB0C /* FavoriteButton.swift in Sources */,
				04E6EEF32C92FE35004CE0A4 /* LandmarkSettings.swift in Sources */,
				04D545B32C91D45E0096BB0C /* LandmarkRow.swift in Sources */,
				04D545B42C91D45E0096BB0C /* Hike.swift in Sources */,
				04E6EEF12C92FBA4004CE0A4 /* LandmarkCommands.swift in Sources */,
				04D545BC2C91D5580096BB0C /* LandmarkDetail.swift in Sources */,
				04D545B52C91D45E0096BB0C /* LandmarksApp.swift in Sources */,
				04D545B62C91D45E0096BB0C /* MapView.swift in Sources */,
				04D545B72C91D45E0096BB0C /* LandmarkList.swift in Sources */,
				04D545B82C91D45E0096BB0C /* Profile.swift in Sources */,
				04D545B92C91D45E0096BB0C /* ModelData.swift in Sources */,
				04D545BA2C91D45E0096BB0C /* CircleImage.swift in Sources */,
				04D545A42C91D2330096BB0C /* ContentView.swift in Sources */,
			);
			runOnlyForDeploymentPostprocessing = 0;
		};
/* End PBXSourcesBuildPhase section */

/* Begin PBXTargetDependency section */
		04D5457F2C9059480096BB0C /* PBXTargetDependency */ = {
			isa = PBXTargetDependency;
			target = 04D545722C9059470096BB0C /* WatchLandmarks Watch App */;
			targetProxy = 04D5457E2C9059480096BB0C /* PBXContainerItemProxy */;
		};
/* End PBXTargetDependency section */

/* Begin XCBuildConfiguration section */
		0482A72D2C8B2B7000E31439 /* Debug */ = {
			isa = XCBuildConfiguration;
			buildSettings = {
				ALWAYS_SEARCH_USER_PATHS = NO;
				ASSETCATALOG_COMPILER_GENERATE_SWIFT_ASSET_SYMBOL_EXTENSIONS = YES;
				CLANG_ANALYZER_NONNULL = YES;
				CLANG_ANALYZER_NUMBER_OBJECT_CONVERSION = YES_AGGRESSIVE;
				CLANG_CXX_LANGUAGE_STANDARD = "gnu++20";
				CLANG_ENABLE_MODULES = YES;
				CLANG_ENABLE_OBJC_ARC = YES;
				CLANG_ENABLE_OBJC_WEAK = YES;
				CLANG_WARN_BLOCK_CAPTURE_AUTORELEASING = YES;
				CLANG_WARN_BOOL_CONVERSION = YES;
				CLANG_WARN_COMMA = YES;
				CLANG_WARN_CONSTANT_CONVERSION = YES;
				CLANG_WARN_DEPRECATED_OBJC_IMPLEMENTATIONS = YES;
				CLANG_WARN_DIRECT_OBJC_ISA_USAGE = YES_ERROR;
				CLANG_WARN_DOCUMENTATION_COMMENTS = YES;
				CLANG_WARN_EMPTY_BODY = YES;
				CLANG_WARN_ENUM_CONVERSION = YES;
				CLANG_WARN_INFINITE_RECURSION = YES;
				CLANG_WARN_INT_CONVERSION = YES;
				CLANG_WARN_NON_LITERAL_NULL_CONVERSION = YES;
				CLANG_WARN_OBJC_IMPLICIT_RETAIN_SELF = YES;
				CLANG_WARN_OBJC_LITERAL_CONVERSION = YES;
				CLANG_WARN_OBJC_ROOT_CLASS = YES_ERROR;
				CLANG_WARN_QUOTED_INCLUDE_IN_FRAMEWORK_HEADER = YES;
				CLANG_WARN_RANGE_LOOP_ANALYSIS = YES;
				CLANG_WARN_STRICT_PROTOTYPES = YES;
				CLANG_WARN_SUSPICIOUS_MOVE = YES;
				CLANG_WARN_UNGUARDED_AVAILABILITY = YES_AGGRESSIVE;
				CLANG_WARN_UNREACHABLE_CODE = YES;
				CLANG_WARN__DUPLICATE_METHOD_MATCH = YES;
				COPY_PHASE_STRIP = NO;
				DEBUG_INFORMATION_FORMAT = dwarf;
				ENABLE_STRICT_OBJC_MSGSEND = YES;
				ENABLE_TESTABILITY = YES;
				ENABLE_USER_SCRIPT_SANDBOXING = YES;
				GCC_C_LANGUAGE_STANDARD = gnu17;
				GCC_DYNAMIC_NO_PIC = NO;
				GCC_NO_COMMON_BLOCKS = YES;
				GCC_OPTIMIZATION_LEVEL = 0;
				GCC_PREPROCESSOR_DEFINITIONS = (
					"DEBUG=1",
					"$(inherited)",
				);
				GCC_WARN_64_TO_32_BIT_CONVERSION = YES;
				GCC_WARN_ABOUT_RETURN_TYPE = YES_ERROR;
				GCC_WARN_UNDECLARED_SELECTOR = YES;
				GCC_WARN_UNINITIALIZED_AUTOS = YES_AGGRESSIVE;
				GCC_WARN_UNUSED_FUNCTION = YES;
				GCC_WARN_UNUSED_VARIABLE = YES;
				IPHONEOS_DEPLOYMENT_TARGET = 17.5;
				LOCALIZATION_PREFERS_STRING_CATALOGS = YES;
				MTL_ENABLE_DEBUG_INFO = INCLUDE_SOURCE;
				MTL_FAST_MATH = YES;
				ONLY_ACTIVE_ARCH = YES;
				SDKROOT = iphoneos;
				SWIFT_ACTIVE_COMPILATION_CONDITIONS = "DEBUG $(inherited)";
				SWIFT_OPTIMIZATION_LEVEL = "-Onone";
			};
			name = Debug;
		};
		0482A72E2C8B2B7000E31439 /* Release */ = {
			isa = XCBuildConfiguration;
			buildSettings = {
				ALWAYS_SEARCH_USER_PATHS = NO;
				ASSETCATALOG_COMPILER_GENERATE_SWIFT_ASSET_SYMBOL_EXTENSIONS = YES;
				CLANG_ANALYZER_NONNULL = YES;
				CLANG_ANALYZER_NUMBER_OBJECT_CONVERSION = YES_AGGRESSIVE;
				CLANG_CXX_LANGUAGE_STANDARD = "gnu++20";
				CLANG_ENABLE_MODULES = YES;
				CLANG_ENABLE_OBJC_ARC = YES;
				CLANG_ENABLE_OBJC_WEAK = YES;
				CLANG_WARN_BLOCK_CAPTURE_AUTORELEASING = YES;
				CLANG_WARN_BOOL_CONVERSION = YES;
				CLANG_WARN_COMMA = YES;
				CLANG_WARN_CONSTANT_CONVERSION = YES;
				CLANG_WARN_DEPRECATED_OBJC_IMPLEMENTATIONS = YES;
				CLANG_WARN_DIRECT_OBJC_ISA_USAGE = YES_ERROR;
				CLANG_WARN_DOCUMENTATION_COMMENTS = YES;
				CLANG_WARN_EMPTY_BODY = YES;
				CLANG_WARN_ENUM_CONVERSION = YES;
				CLANG_WARN_INFINITE_RECURSION = YES;
				CLANG_WARN_INT_CONVERSION = YES;
				CLANG_WARN_NON_LITERAL_NULL_CONVERSION = YES;
				CLANG_WARN_OBJC_IMPLICIT_RETAIN_SELF = YES;
				CLANG_WARN_OBJC_LITERAL_CONVERSION = YES;
				CLANG_WARN_OBJC_ROOT_CLASS = YES_ERROR;
				CLANG_WARN_QUOTED_INCLUDE_IN_FRAMEWORK_HEADER = YES;
				CLANG_WARN_RANGE_LOOP_ANALYSIS = YES;
				CLANG_WARN_STRICT_PROTOTYPES = YES;
				CLANG_WARN_SUSPICIOUS_MOVE = YES;
				CLANG_WARN_UNGUARDED_AVAILABILITY = YES_AGGRESSIVE;
				CLANG_WARN_UNREACHABLE_CODE = YES;
				CLANG_WARN__DUPLICATE_METHOD_MATCH = YES;
				COPY_PHASE_STRIP = NO;
				DEBUG_INFORMATION_FORMAT = "dwarf-with-dsym";
				ENABLE_NS_ASSERTIONS = NO;
				ENABLE_STRICT_OBJC_MSGSEND = YES;
				ENABLE_USER_SCRIPT_SANDBOXING = YES;
				GCC_C_LANGUAGE_STANDARD = gnu17;
				GCC_NO_COMMON_BLOCKS = YES;
				GCC_WARN_64_TO_32_BIT_CONVERSION = YES;
				GCC_WARN_ABOUT_RETURN_TYPE = YES_ERROR;
				GCC_WARN_UNDECLARED_SELECTOR = YES;
				GCC_WARN_UNINITIALIZED_AUTOS = YES_AGGRESSIVE;
				GCC_WARN_UNUSED_FUNCTION = YES;
				GCC_WARN_UNUSED_VARIABLE = YES;
				IPHONEOS_DEPLOYMENT_TARGET = 17.5;
				LOCALIZATION_PREFERS_STRING_CATALOGS = YES;
				MTL_ENABLE_DEBUG_INFO = NO;
				MTL_FAST_MATH = YES;
				SDKROOT = iphoneos;
				SWIFT_COMPILATION_MODE = wholemodule;
				VALIDATE_PRODUCT = YES;
			};
			name = Release;
		};
		0482A7302C8B2B7000E31439 /* Debug */ = {
			isa = XCBuildConfiguration;
			buildSettings = {
				ALWAYS_EMBED_SWIFT_STANDARD_LIBRARIES = YES;
				ASSETCATALOG_COMPILER_APPICON_NAME = AppIcon;
				ASSETCATALOG_COMPILER_GLOBAL_ACCENT_COLOR_NAME = AccentColor;
				CODE_SIGN_STYLE = Automatic;
				CURRENT_PROJECT_VERSION = 1;
				DEVELOPMENT_ASSET_PATHS = "\"Landmarks/Preview Content\"";
				DEVELOPMENT_TEAM = T44VVPXJ2X;
				ENABLE_PREVIEWS = YES;
				GENERATE_INFOPLIST_FILE = YES;
				INFOPLIST_KEY_UIApplicationSceneManifest_Generation = YES;
				INFOPLIST_KEY_UIApplicationSupportsIndirectInputEvents = YES;
				INFOPLIST_KEY_UILaunchScreen_Generation = YES;
				INFOPLIST_KEY_UISupportedInterfaceOrientations_iPad = "UIInterfaceOrientationPortrait UIInterfaceOrientationPortraitUpsideDown UIInterfaceOrientationLandscapeLeft UIInterfaceOrientationLandscapeRight";
				INFOPLIST_KEY_UISupportedInterfaceOrientations_iPhone = "UIInterfaceOrientationPortrait UIInterfaceOrientationLandscapeLeft UIInterfaceOrientationLandscapeRight";
				LD_RUNPATH_SEARCH_PATHS = (
					"$(inherited)",
					"@executable_path/Frameworks",
				);
				MARKETING_VERSION = 1.0;
				PRODUCT_BUNDLE_IDENTIFIER = io.xcode.com.Landmarks;
				PRODUCT_NAME = "$(TARGET_NAME)";
				SWIFT_EMIT_LOC_STRINGS = YES;
				SWIFT_VERSION = 5.0;
				TARGETED_DEVICE_FAMILY = "1,2";
			};
			name = Debug;
		};
		0482A7312C8B2B7000E31439 /* Release */ = {
			isa = XCBuildConfiguration;
			buildSettings = {
				ALWAYS_EMBED_SWIFT_STANDARD_LIBRARIES = YES;
				ASSETCATALOG_COMPILER_APPICON_NAME = AppIcon;
				ASSETCATALOG_COMPILER_GLOBAL_ACCENT_COLOR_NAME = AccentColor;
				CODE_SIGN_STYLE = Automatic;
				CURRENT_PROJECT_VERSION = 1;
				DEVELOPMENT_ASSET_PATHS = "\"Landmarks/Preview Content\"";
				DEVELOPMENT_TEAM = T44VVPXJ2X;
				ENABLE_PREVIEWS = YES;
				GENERATE_INFOPLIST_FILE = YES;
				INFOPLIST_KEY_UIApplicationSceneManifest_Generation = YES;
				INFOPLIST_KEY_UIApplicationSupportsIndirectInputEvents = YES;
				INFOPLIST_KEY_UILaunchScreen_Generation = YES;
				INFOPLIST_KEY_UISupportedInterfaceOrientations_iPad = "UIInterfaceOrientationPortrait UIInterfaceOrientationPortraitUpsideDown UIInterfaceOrientationLandscapeLeft UIInterfaceOrientationLandscapeRight";
				INFOPLIST_KEY_UISupportedInterfaceOrientations_iPhone = "UIInterfaceOrientationPortrait UIInterfaceOrientationLandscapeLeft UIInterfaceOrientationLandscapeRight";
				LD_RUNPATH_SEARCH_PATHS = (
					"$(inherited)",
					"@executable_path/Frameworks",
				);
				MARKETING_VERSION = 1.0;
				PRODUCT_BUNDLE_IDENTIFIER = io.xcode.com.Landmarks;
				PRODUCT_NAME = "$(TARGET_NAME)";
				SWIFT_EMIT_LOC_STRINGS = YES;
				SWIFT_VERSION = 5.0;
				TARGETED_DEVICE_FAMILY = "1,2";
			};
			name = Release;
		};
		04D545822C9059480096BB0C /* Debug */ = {
			isa = XCBuildConfiguration;
			buildSettings = {
				ASSETCATALOG_COMPILER_APPICON_NAME = AppIcon;
				ASSETCATALOG_COMPILER_GLOBAL_ACCENT_COLOR_NAME = AccentColor;
				CODE_SIGN_STYLE = Automatic;
				CURRENT_PROJECT_VERSION = 1;
				DEVELOPMENT_ASSET_PATHS = "\"WatchLandmarks Watch App/Preview Content\"";
				DEVELOPMENT_TEAM = T44VVPXJ2X;
				ENABLE_PREVIEWS = YES;
				GENERATE_INFOPLIST_FILE = YES;
				INFOPLIST_KEY_CFBundleDisplayName = WatchLandmarks;
				INFOPLIST_KEY_UISupportedInterfaceOrientations = "UIInterfaceOrientationPortrait UIInterfaceOrientationPortraitUpsideDown";
				INFOPLIST_KEY_WKCompanionAppBundleIdentifier = io.xcode.com.Landmarks;
				INFOPLIST_KEY_WKRunsIndependentlyOfCompanionApp = YES;
				LD_RUNPATH_SEARCH_PATHS = (
					"$(inherited)",
					"@executable_path/Frameworks",
				);
				MARKETING_VERSION = 1.0;
				PRODUCT_BUNDLE_IDENTIFIER = io.xcode.com.Landmarks.watchkitapp;
				PRODUCT_NAME = "$(TARGET_NAME)";
				SDKROOT = watchos;
				SKIP_INSTALL = YES;
				SWIFT_EMIT_LOC_STRINGS = YES;
				SWIFT_VERSION = 5.0;
				TARGETED_DEVICE_FAMILY = 4;
				WATCHOS_DEPLOYMENT_TARGET = 10.5;
			};
			name = Debug;
		};
		04D545832C9059480096BB0C /* Release */ = {
			isa = XCBuildConfiguration;
			buildSettings = {
				ASSETCATALOG_COMPILER_APPICON_NAME = AppIcon;
				ASSETCATALOG_COMPILER_GLOBAL_ACCENT_COLOR_NAME = AccentColor;
				CODE_SIGN_STYLE = Automatic;
				CURRENT_PROJECT_VERSION = 1;
				DEVELOPMENT_ASSET_PATHS = "\"WatchLandmarks Watch App/Preview Content\"";
				DEVELOPMENT_TEAM = T44VVPXJ2X;
				ENABLE_PREVIEWS = YES;
				GENERATE_INFOPLIST_FILE = YES;
				INFOPLIST_KEY_CFBundleDisplayName = WatchLandmarks;
				INFOPLIST_KEY_UISupportedInterfaceOrientations = "UIInterfaceOrientationPortrait UIInterfaceOrientationPortraitUpsideDown";
				INFOPLIST_KEY_WKCompanionAppBundleIdentifier = io.xcode.com.Landmarks;
				INFOPLIST_KEY_WKRunsIndependentlyOfCompanionApp = YES;
				LD_RUNPATH_SEARCH_PATHS = (
					"$(inherited)",
					"@executable_path/Frameworks",
				);
				MARKETING_VERSION = 1.0;
				PRODUCT_BUNDLE_IDENTIFIER = io.xcode.com.Landmarks.watchkitapp;
				PRODUCT_NAME = "$(TARGET_NAME)";
				SDKROOT = watchos;
				SKIP_INSTALL = YES;
				SWIFT_EMIT_LOC_STRINGS = YES;
				SWIFT_VERSION = 5.0;
				TARGETED_DEVICE_FAMILY = 4;
				WATCHOS_DEPLOYMENT_TARGET = 10.5;
			};
			name = Release;
		};
		04D545AC2C91D2340096BB0C /* Debug */ = {
			isa = XCBuildConfiguration;
			buildSettings = {
				ASSETCATALOG_COMPILER_APPICON_NAME = AppIcon;
				ASSETCATALOG_COMPILER_GLOBAL_ACCENT_COLOR_NAME = AccentColor;
				CODE_SIGN_ENTITLEMENTS = MacLandmarks/MacLandmarks.entitlements;
				CODE_SIGN_STYLE = Automatic;
				COMBINE_HIDPI_IMAGES = YES;
				CURRENT_PROJECT_VERSION = 1;
				DEVELOPMENT_ASSET_PATHS = "\"MacLandmarks/Preview Content\"";
				DEVELOPMENT_TEAM = T44VVPXJ2X;
				ENABLE_HARDENED_RUNTIME = YES;
				ENABLE_PREVIEWS = YES;
				GENERATE_INFOPLIST_FILE = YES;
				INFOPLIST_KEY_NSHumanReadableCopyright = "";
				LD_RUNPATH_SEARCH_PATHS = (
					"$(inherited)",
					"@executable_path/../Frameworks",
				);
				MACOSX_DEPLOYMENT_TARGET = 14.5;
				MARKETING_VERSION = 1.0;
				PRODUCT_BUNDLE_IDENTIFIER = io.xcode.com.MacLandmarks;
				PRODUCT_NAME = "$(TARGET_NAME)";
				SDKROOT = macosx;
				SWIFT_EMIT_LOC_STRINGS = YES;
				SWIFT_VERSION = 5.0;
			};
			name = Debug;
		};
		04D545AD2C91D2340096BB0C /* Release */ = {
			isa = XCBuildConfiguration;
			buildSettings = {
				ASSETCATALOG_COMPILER_APPICON_NAME = AppIcon;
				ASSETCATALOG_COMPILER_GLOBAL_ACCENT_COLOR_NAME = AccentColor;
				CODE_SIGN_ENTITLEMENTS = MacLandmarks/MacLandmarks.entitlements;
				CODE_SIGN_STYLE = Automatic;
				COMBINE_HIDPI_IMAGES = YES;
				CURRENT_PROJECT_VERSION = 1;
				DEVELOPMENT_ASSET_PATHS = "\"MacLandmarks/Preview Content\"";
				DEVELOPMENT_TEAM = T44VVPXJ2X;
				ENABLE_HARDENED_RUNTIME = YES;
				ENABLE_PREVIEWS = YES;
				GENERATE_INFOPLIST_FILE = YES;
				INFOPLIST_KEY_NSHumanReadableCopyright = "";
				LD_RUNPATH_SEARCH_PATHS = (
					"$(inherited)",
					"@executable_path/../Frameworks",
				);
				MACOSX_DEPLOYMENT_TARGET = 14.5;
				MARKETING_VERSION = 1.0;
				PRODUCT_BUNDLE_IDENTIFIER = io.xcode.com.MacLandmarks;
				PRODUCT_NAME = "$(TARGET_NAME)";
				SDKROOT = macosx;
				SWIFT_EMIT_LOC_STRINGS = YES;
				SWIFT_VERSION = 5.0;
			};
			name = Release;
		};
/* End XCBuildConfiguration section */

/* Begin XCConfigurationList section */
		0482A71C2C8B2B6F00E31439 /* Build configuration list for PBXProject "Landmarks" */ = {
			isa = XCConfigurationList;
			buildConfigurations = (
				0482A72D2C8B2B7000E31439 /* Debug */,
				0482A72E2C8B2B7000E31439 /* Release */,
			);
			defaultConfigurationIsVisible = 0;
			defaultConfigurationName = Release;
		};
		0482A72F2C8B2B7000E31439 /* Build configuration list for PBXNativeTarget "Landmarks" */ = {
			isa = XCConfigurationList;
			buildConfigurations = (
				0482A7302C8B2B7000E31439 /* Debug */,
				0482A7312C8B2B7000E31439 /* Release */,
			);
			defaultConfigurationIsVisible = 0;
			defaultConfigurationName = Release;
		};
		04D545812C9059480096BB0C /* Build configuration list for PBXNativeTarget "WatchLandmarks Watch App" */ = {
			isa = XCConfigurationList;
			buildConfigurations = (
				04D545822C9059480096BB0C /* Debug */,
				04D545832C9059480096BB0C /* Release */,
			);
			defaultConfigurationIsVisible = 0;
			defaultConfigurationName = Release;
		};
		04D545AB2C91D2340096BB0C /* Build configuration list for PBXNativeTarget "MacLandmarks" */ = {
			isa = XCConfigurationList;
			buildConfigurations = (
				04D545AC2C91D2340096BB0C /* Debug */,
				04D545AD2C91D2340096BB0C /* Release */,
			);
			defaultConfigurationIsVisible = 0;
			defaultConfigurationName = Release;
		};
/* End XCConfigurationList section */
	};
	rootObject = 0482A7192C8B2B6F00E31439 /* Project object */;
}
