// !$*UTF8*$!
{
	archiveVersion = 1;
	classes = {
	};
	objectVersion = 56;
	objects = {

/* Begin PBXBuildFile section */
		04188B192C8C82D80030FF97 /* FavoriteButton.swift in Sources */ = {isa = PBXBuildFile; fileRef = 04188B182C8C82D80030FF97 /* FavoriteButton.swift */; };
		043713972C8C6413002FD737 /* LandmarkRow.swift in Sources */ = {isa = PBXBuildFile; fileRef = 043713962C8C6413002FD737 /* LandmarkRow.swift */; };
		043713992C8C65A9002FD737 /* LandmarkList.swift in Sources */ = {isa = PBXBuildFile; fileRef = 043713982C8C65A9002FD737 /* LandmarkList.swift */; };
		0437139B2C8C670A002FD737 /* LandmarkDetail.swift in Sources */ = {isa = PBXBuildFile; fileRef = 0437139A2C8C670A002FD737 /* LandmarkDetail.swift */; };
		0482A7252C8B2B6F00E31439 /* LandmarksApp.swift in Sources */ = {isa = PBXBuildFile; fileRef = 0482A7242C8B2B6F00E31439 /* LandmarksApp.swift */; };
		0482A7272C8B2B6F00E31439 /* ContentView.swift in Sources */ = {isa = PBXBuildFile; fileRef = 0482A7262C8B2B6F00E31439 /* ContentView.swift */; };
		0482A7292C8B2B7000E31439 /* Assets.xcassets in Resources */ = {isa = PBXBuildFile; fileRef = 0482A7282C8B2B7000E31439 /* Assets.xcassets */; };
		0482A72C2C8B2B7000E31439 /* Preview Assets.xcassets in Resources */ = {isa = PBXBuildFile; fileRef = 0482A72B2C8B2B7000E31439 /* Preview Assets.xcassets */; };
		0482A7332C8B2FC200E31439 /* CircleImage.swift in Sources */ = {isa = PBXBuildFile; fileRef = 0482A7322C8B2FC200E31439 /* CircleImage.swift */; };
		0482A7352C8B305400E31439 /* MapView.swift in Sources */ = {isa = PBXBuildFile; fileRef = 0482A7342C8B305400E31439 /* MapView.swift */; };
		0482A7392C8C5F3400E31439 /* landmarkData.json in Resources */ = {isa = PBXBuildFile; fileRef = 0482A7382C8C5F3400E31439 /* landmarkData.json */; };
		0482A73B2C8C5F6400E31439 /* Landmark.swift in Sources */ = {isa = PBXBuildFile; fileRef = 0482A73A2C8C5F6400E31439 /* Landmark.swift */; };
		0482A73E2C8C60AE00E31439 /* ModelData.swift in Sources */ = {isa = PBXBuildFile; fileRef = 0482A73D2C8C60AE00E31439 /* ModelData.swift */; };
/* End PBXBuildFile section */

/* Begin PBXFileReference section */
		04188B182C8C82D80030FF97 /* FavoriteButton.swift */ = {isa = PBXFileReference; lastKnownFileType = sourcecode.swift; path = FavoriteButton.swift; sourceTree = "<group>"; };
		043713962C8C6413002FD737 /* LandmarkRow.swift */ = {isa = PBXFileReference; lastKnownFileType = sourcecode.swift; path = LandmarkRow.swift; sourceTree = "<group>"; };
		043713982C8C65A9002FD737 /* LandmarkList.swift */ = {isa = PBXFileReference; lastKnownFileType = sourcecode.swift; path = LandmarkList.swift; sourceTree = "<group>"; };
		0437139A2C8C670A002FD737 /* LandmarkDetail.swift */ = {isa = PBXFileReference; lastKnownFileType = sourcecode.swift; path = LandmarkDetail.swift; sourceTree = "<group>"; };
		0482A7212C8B2B6F00E31439 /* Landmarks.app */ = {isa = PBXFileReference; explicitFileType = wrapper.application; includeInIndex = 0; path = Landmarks.app; sourceTree = BUILT_PRODUCTS_DIR; };
		0482A7242C8B2B6F00E31439 /* LandmarksApp.swift */ = {isa = PBXFileReference; lastKnownFileType = sourcecode.swift; path = LandmarksApp.swift; sourceTree = "<group>"; };
		0482A7262C8B2B6F00E31439 /* ContentView.swift */ = {isa = PBXFileReference; lastKnownFileType = sourcecode.swift; path = ContentView.swift; sourceTree = "<group>"; };
		0482A7282C8B2B7000E31439 /* Assets.xcassets */ = {isa = PBXFileReference; lastKnownFileType = folder.assetcatalog; path = Assets.xcassets; sourceTree = "<group>"; };
		0482A72B2C8B2B7000E31439 /* Preview Assets.xcassets */ = {isa = PBXFileReference; lastKnownFileType = folder.assetcatalog; path = "Preview Assets.xcassets"; sourceTree = "<group>"; };
		0482A7322C8B2FC200E31439 /* CircleImage.swift */ = {isa = PBXFileReference; lastKnownFileType = sourcecode.swift; path = CircleImage.swift; sourceTree = "<group>"; };
		0482A7342C8B305400E31439 /* MapView.swift */ = {isa = PBXFileReference; lastKnownFileType = sourcecode.swift; path = MapView.swift; sourceTree = "<group>"; };
		0482A7382C8C5F3400E31439 /* landmarkData.json */ = {isa = PBXFileReference; fileEncoding = 4; lastKnownFileType = text.json; path = landmarkData.json; sourceTree = "<group>"; };
		0482A73A2C8C5F6400E31439 /* Landmark.swift */ = {isa = PBXFileReference; lastKnownFileType = sourcecode.swift; path = Landmark.swift; sourceTree = "<group>"; };
		0482A73D2C8C60AE00E31439 /* ModelData.swift */ = {isa = PBXFileReference; lastKnownFileType = sourcecode.swift; path = ModelData.swift; sourceTree = "<group>"; };
/* End PBXFileReference section */

/* Begin PBXFrameworksBuildPhase section */
		0482A71E2C8B2B6F00E31439 /* Frameworks */ = {
			isa = PBXFrameworksBuildPhase;
			buildActionMask = 2147483647;
			files = (
			);
			runOnlyForDeploymentPostprocessing = 0;
		};
/* End PBXFrameworksBuildPhase section */

/* Begin PBXGroup section */
		04188B1A2C8CFAE40030FF97 /* Landmarks */ = {
			isa = PBXGroup;
			children = (
				0437139A2C8C670A002FD737 /* LandmarkDetail.swift */,
				043713982C8C65A9002FD737 /* LandmarkList.swift */,
				043713962C8C6413002FD737 /* LandmarkRow.swift */,
			);
			path = Landmarks;
			sourceTree = "<group>";
		};
		04188B1B2C8CFAF60030FF97 /* Helper */ = {
			isa = PBXGroup;
			children = (
				04188B182C8C82D80030FF97 /* FavoriteButton.swift */,
				0482A7342C8B305400E31439 /* MapView.swift */,
				0482A7322C8B2FC200E31439 /* CircleImage.swift */,
			);
			path = Helper;
			sourceTree = "<group>";
		};
		0482A7182C8B2B6F00E31439 = {
			isa = PBXGroup;
			children = (
				0482A7232C8B2B6F00E31439 /* Landmarks */,
				0482A7222C8B2B6F00E31439 /* Products */,
			);
			sourceTree = "<group>";
		};
		0482A7222C8B2B6F00E31439 /* Products */ = {
			isa = PBXGroup;
			children = (
				0482A7212C8B2B6F00E31439 /* Landmarks.app */,
			);
			name = Products;
			sourceTree = "<group>";
		};
		0482A7232C8B2B6F00E31439 /* Landmarks */ = {
			isa = PBXGroup;
			children = (
				0482A73C2C8C609D00E31439 /* Model */,
				0482A7372C8C5F1D00E31439 /* Resources */,
				0482A7362C8B37CF00E31439 /* Views */,
				0482A7242C8B2B6F00E31439 /* LandmarksApp.swift */,
				0482A7282C8B2B7000E31439 /* Assets.xcassets */,
				0482A72A2C8B2B7000E31439 /* Preview Content */,
			);
			path = Landmarks;
			sourceTree = "<group>";
		};
		0482A72A2C8B2B7000E31439 /* Preview Content */ = {
			isa = PBXGroup;
			children = (
				0482A72B2C8B2B7000E31439 /* Preview Assets.xcassets */,
			);
			path = "Preview Content";
			sourceTree = "<group>";
		};
		0482A7362C8B37CF00E31439 /* Views */ = {
			isa = PBXGroup;
			children = (
				0482A7262C8B2B6F00E31439 /* ContentView.swift */,
				04188B1B2C8CFAF60030FF97 /* Helper */,
				04188B1A2C8CFAE40030FF97 /* Landmarks */,
			);
			path = Views;
			sourceTree = "<group>";
		};
		0482A7372C8C5F1D00E31439 /* Resources */ = {
			isa = PBXGroup;
			children = (
				0482A7382C8C5F3400E31439 /* landmarkData.json */,
			);
			path = Resources;
			sourceTree = "<group>";
		};
		0482A73C2C8C609D00E31439 /* Model */ = {
			isa = PBXGroup;
			children = (
				0482A73A2C8C5F6400E31439 /* Landmark.swift */,
				0482A73D2C8C60AE00E31439 /* ModelData.swift */,
			);
			path = Model;
			sourceTree = "<group>";
		};
/* End PBXGroup section */

/* Begin PBXNativeTarget section */
		0482A7202C8B2B6F00E31439 /* Landmarks */ = {
			isa = PBXNativeTarget;
			buildConfigurationList = 0482A72F2C8B2B7000E31439 /* Build configuration list for PBXNativeTarget "Landmarks" */;
			buildPhases = (
				0482A71D2C8B2B6F00E31439 /* Sources */,
				0482A71E2C8B2B6F00E31439 /* Frameworks */,
				0482A71F2C8B2B6F00E31439 /* Resources */,
			);
			buildRules = (
			);
			dependencies = (
			);
			name = Landmarks;
			productName = Landmarks;
			productReference = 0482A7212C8B2B6F00E31439 /* Landmarks.app */;
			productType = "com.apple.product-type.application";
		};
/* End PBXNativeTarget section */

/* Begin PBXProject section */
		0482A7192C8B2B6F00E31439 /* Project object */ = {
			isa = PBXProject;
			attributes = {
				BuildIndependentTargetsInParallel = 1;
				LastSwiftUpdateCheck = 1540;
				LastUpgradeCheck = 1540;
				TargetAttributes = {
					0482A7202C8B2B6F00E31439 = {
						CreatedOnToolsVersion = 15.4;
					};
				};
			};
			buildConfigurationList = 0482A71C2C8B2B6F00E31439 /* Build configuration list for PBXProject "Landmarks" */;
			compatibilityVersion = "Xcode 14.0";
			developmentRegion = en;
			hasScannedForEncodings = 0;
			knownRegions = (
				en,
				Base,
			);
			mainGroup = 0482A7182C8B2B6F00E31439;
			productRefGroup = 0482A7222C8B2B6F00E31439 /* Products */;
			projectDirPath = "";
			projectRoot = "";
			targets = (
				0482A7202C8B2B6F00E31439 /* Landmarks */,
			);
		};
/* End PBXProject section */

/* Begin PBXResourcesBuildPhase section */
		0482A71F2C8B2B6F00E31439 /* Resources */ = {
			isa = PBXResourcesBuildPhase;
			buildActionMask = 2147483647;
			files = (
				0482A72C2C8B2B7000E31439 /* Preview Assets.xcassets in Resources */,
				0482A7292C8B2B7000E31439 /* Assets.xcassets in Resources */,
				0482A7392C8C5F3400E31439 /* landmarkData.json in Resources */,
			);
			runOnlyForDeploymentPostprocessing = 0;
		};
/* End PBXResourcesBuildPhase section */

/* Begin PBXSourcesBuildPhase section */
		0482A71D2C8B2B6F00E31439 /* Sources */ = {
			isa = PBXSourcesBuildPhase;
			buildActionMask = 2147483647;
			files = (
				0482A7272C8B2B6F00E31439 /* ContentView.swift in Sources */,
				0482A7352C8B305400E31439 /* MapView.swift in Sources */,
				0482A7252C8B2B6F00E31439 /* LandmarksApp.swift in Sources */,
				04188B192C8C82D80030FF97 /* FavoriteButton.swift in Sources */,
				043713992C8C65A9002FD737 /* LandmarkList.swift in Sources */,
				0437139B2C8C670A002FD737 /* LandmarkDetail.swift in Sources */,
				0482A7332C8B2FC200E31439 /* CircleImage.swift in Sources */,
				0482A73B2C8C5F6400E31439 /* Landmark.swift in Sources */,
				043713972C8C6413002FD737 /* LandmarkRow.swift in Sources */,
				0482A73E2C8C60AE00E31439 /* ModelData.swift in Sources */,
			);
			runOnlyForDeploymentPostprocessing = 0;
		};
/* End PBXSourcesBuildPhase section */

/* Begin XCBuildConfiguration section */
		0482A72D2C8B2B7000E31439 /* Debug */ = {
			isa = XCBuildConfiguration;
			buildSettings = {
				ALWAYS_SEARCH_USER_PATHS = NO;
				ASSETCATALOG_COMPILER_GENERATE_SWIFT_ASSET_SYMBOL_EXTENSIONS = YES;
				CLANG_ANALYZER_NONNULL = YES;
				CLANG_ANALYZER_NUMBER_OBJECT_CONVERSION = YES_AGGRESSIVE;
				CLANG_CXX_LANGUAGE_STANDARD = "gnu++20";
				CLANG_ENABLE_MODULES = YES;
				CLANG_ENABLE_OBJC_ARC = YES;
				CLANG_ENABLE_OBJC_WEAK = YES;
				CLANG_WARN_BLOCK_CAPTURE_AUTORELEASING = YES;
				CLANG_WARN_BOOL_CONVERSION = YES;
				CLANG_WARN_COMMA = YES;
				CLANG_WARN_CONSTANT_CONVERSION = YES;
				CLANG_WARN_DEPRECATED_OBJC_IMPLEMENTATIONS = YES;
				CLANG_WARN_DIRECT_OBJC_ISA_USAGE = YES_ERROR;
				CLANG_WARN_DOCUMENTATION_COMMENTS = YES;
				CLANG_WARN_EMPTY_BODY = YES;
				CLANG_WARN_ENUM_CONVERSION = YES;
				CLANG_WARN_INFINITE_RECURSION = YES;
				CLANG_WARN_INT_CONVERSION = YES;
				CLANG_WARN_NON_LITERAL_NULL_CONVERSION = YES;
				CLANG_WARN_OBJC_IMPLICIT_RETAIN_SELF = YES;
				CLANG_WARN_OBJC_LITERAL_CONVERSION = YES;
				CLANG_WARN_OBJC_ROOT_CLASS = YES_ERROR;
				CLANG_WARN_QUOTED_INCLUDE_IN_FRAMEWORK_HEADER = YES;
				CLANG_WARN_RANGE_LOOP_ANALYSIS = YES;
				CLANG_WARN_STRICT_PROTOTYPES = YES;
				CLANG_WARN_SUSPICIOUS_MOVE = YES;
				CLANG_WARN_UNGUARDED_AVAILABILITY = YES_AGGRESSIVE;
				CLANG_WARN_UNREACHABLE_CODE = YES;
				CLANG_WARN__DUPLICATE_METHOD_MATCH = YES;
				COPY_PHASE_STRIP = NO;
				DEBUG_INFORMATION_FORMAT = dwarf;
				ENABLE_STRICT_OBJC_MSGSEND = YES;
				ENABLE_TESTABILITY = YES;
				ENABLE_USER_SCRIPT_SANDBOXING = YES;
				GCC_C_LANGUAGE_STANDARD = gnu17;
				GCC_DYNAMIC_NO_PIC = NO;
				GCC_NO_COMMON_BLOCKS = YES;
				GCC_OPTIMIZATION_LEVEL = 0;
				GCC_PREPROCESSOR_DEFINITIONS = (
					"DEBUG=1",
					"$(inherited)",
				);
				GCC_WARN_64_TO_32_BIT_CONVERSION = YES;
				GCC_WARN_ABOUT_RETURN_TYPE = YES_ERROR;
				GCC_WARN_UNDECLARED_SELECTOR = YES;
				GCC_WARN_UNINITIALIZED_AUTOS = YES_AGGRESSIVE;
				GCC_WARN_UNUSED_FUNCTION = YES;
				GCC_WARN_UNUSED_VARIABLE = YES;
				IPHONEOS_DEPLOYMENT_TARGET = 17.5;
				LOCALIZATION_PREFERS_STRING_CATALOGS = YES;
				MTL_ENABLE_DEBUG_INFO = INCLUDE_SOURCE;
				MTL_FAST_MATH = YES;
				ONLY_ACTIVE_ARCH = YES;
				SDKROOT = iphoneos;
				SWIFT_ACTIVE_COMPILATION_CONDITIONS = "DEBUG $(inherited)";
				SWIFT_OPTIMIZATION_LEVEL = "-Onone";
			};
			name = Debug;
		};
		0482A72E2C8B2B7000E31439 /* Release */ = {
			isa = XCBuildConfiguration;
			buildSettings = {
				ALWAYS_SEARCH_USER_PATHS = NO;
				ASSETCATALOG_COMPILER_GENERATE_SWIFT_ASSET_SYMBOL_EXTENSIONS = YES;
				CLANG_ANALYZER_NONNULL = YES;
				CLANG_ANALYZER_NUMBER_OBJECT_CONVERSION = YES_AGGRESSIVE;
				CLANG_CXX_LANGUAGE_STANDARD = "gnu++20";
				CLANG_ENABLE_MODULES = YES;
				CLANG_ENABLE_OBJC_ARC = YES;
				CLANG_ENABLE_OBJC_WEAK = YES;
				CLANG_WARN_BLOCK_CAPTURE_AUTORELEASING = YES;
				CLANG_WARN_BOOL_CONVERSION = YES;
				CLANG_WARN_COMMA = YES;
				CLANG_WARN_CONSTANT_CONVERSION = YES;
				CLANG_WARN_DEPRECATED_OBJC_IMPLEMENTATIONS = YES;
				CLANG_WARN_DIRECT_OBJC_ISA_USAGE = YES_ERROR;
				CLANG_WARN_DOCUMENTATION_COMMENTS = YES;
				CLANG_WARN_EMPTY_BODY = YES;
				CLANG_WARN_ENUM_CONVERSION = YES;
				CLANG_WARN_INFINITE_RECURSION = YES;
				CLANG_WARN_INT_CONVERSION = YES;
				CLANG_WARN_NON_LITERAL_NULL_CONVERSION = YES;
				CLANG_WARN_OBJC_IMPLICIT_RETAIN_SELF = YES;
				CLANG_WARN_OBJC_LITERAL_CONVERSION = YES;
				CLANG_WARN_OBJC_ROOT_CLASS = YES_ERROR;
				CLANG_WARN_QUOTED_INCLUDE_IN_FRAMEWORK_HEADER = YES;
				CLANG_WARN_RANGE_LOOP_ANALYSIS = YES;
				CLANG_WARN_STRICT_PROTOTYPES = YES;
				CLANG_WARN_SUSPICIOUS_MOVE = YES;
				CLANG_WARN_UNGUARDED_AVAILABILITY = YES_AGGRESSIVE;
				CLANG_WARN_UNREACHABLE_CODE = YES;
				CLANG_WARN__DUPLICATE_METHOD_MATCH = YES;
				COPY_PHASE_STRIP = NO;
				DEBUG_INFORMATION_FORMAT = "dwarf-with-dsym";
				ENABLE_NS_ASSERTIONS = NO;
				ENABLE_STRICT_OBJC_MSGSEND = YES;
				ENABLE_USER_SCRIPT_SANDBOXING = YES;
				GCC_C_LANGUAGE_STANDARD = gnu17;
				GCC_NO_COMMON_BLOCKS = YES;
				GCC_WARN_64_TO_32_BIT_CONVERSION = YES;
				GCC_WARN_ABOUT_RETURN_TYPE = YES_ERROR;
				GCC_WARN_UNDECLARED_SELECTOR = YES;
				GCC_WARN_UNINITIALIZED_AUTOS = YES_AGGRESSIVE;
				GCC_WARN_UNUSED_FUNCTION = YES;
				GCC_WARN_UNUSED_VARIABLE = YES;
				IPHONEOS_DEPLOYMENT_TARGET = 17.5;
				LOCALIZATION_PREFERS_STRING_CATALOGS = YES;
				MTL_ENABLE_DEBUG_INFO = NO;
				MTL_FAST_MATH = YES;
				SDKROOT = iphoneos;
				SWIFT_COMPILATION_MODE = wholemodule;
				VALIDATE_PRODUCT = YES;
			};
			name = Release;
		};
		0482A7302C8B2B7000E31439 /* Debug */ = {
			isa = XCBuildConfiguration;
			buildSettings = {
				ASSETCATALOG_COMPILER_APPICON_NAME = AppIcon;
				ASSETCATALOG_COMPILER_GLOBAL_ACCENT_COLOR_NAME = AccentColor;
				CODE_SIGN_STYLE = Automatic;
				CURRENT_PROJECT_VERSION = 1;
				DEVELOPMENT_ASSET_PATHS = "\"Landmarks/Preview Content\"";
				DEVELOPMENT_TEAM = T44VVPXJ2X;
				ENABLE_PREVIEWS = YES;
				GENERATE_INFOPLIST_FILE = YES;
				INFOPLIST_KEY_UIApplicationSceneManifest_Generation = YES;
				INFOPLIST_KEY_UIApplicationSupportsIndirectInputEvents = YES;
				INFOPLIST_KEY_UILaunchScreen_Generation = YES;
				INFOPLIST_KEY_UISupportedInterfaceOrientations_iPad = "UIInterfaceOrientationPortrait UIInterfaceOrientationPortraitUpsideDown UIInterfaceOrientationLandscapeLeft UIInterfaceOrientationLandscapeRight";
				INFOPLIST_KEY_UISupportedInterfaceOrientations_iPhone = "UIInterfaceOrientationPortrait UIInterfaceOrientationLandscapeLeft UIInterfaceOrientationLandscapeRight";
				LD_RUNPATH_SEARCH_PATHS = (
					"$(inherited)",
					"@executable_path/Frameworks",
				);
				MARKETING_VERSION = 1.0;
				PRODUCT_BUNDLE_IDENTIFIER = io.xcode.com.Landmarks;
				PRODUCT_NAME = "$(TARGET_NAME)";
				SWIFT_EMIT_LOC_STRINGS = YES;
				SWIFT_VERSION = 5.0;
				TARGETED_DEVICE_FAMILY = "1,2";
			};
			name = Debug;
		};
		0482A7312C8B2B7000E31439 /* Release */ = {
			isa = XCBuildConfiguration;
			buildSettings = {
				ASSETCATALOG_COMPILER_APPICON_NAME = AppIcon;
				ASSETCATALOG_COMPILER_GLOBAL_ACCENT_COLOR_NAME = AccentColor;
				CODE_SIGN_STYLE = Automatic;
				CURRENT_PROJECT_VERSION = 1;
				DEVELOPMENT_ASSET_PATHS = "\"Landmarks/Preview Content\"";
				DEVELOPMENT_TEAM = T44VVPXJ2X;
				ENABLE_PREVIEWS = YES;
				GENERATE_INFOPLIST_FILE = YES;
				INFOPLIST_KEY_UIApplicationSceneManifest_Generation = YES;
				INFOPLIST_KEY_UIApplicationSupportsIndirectInputEvents = YES;
				INFOPLIST_KEY_UILaunchScreen_Generation = YES;
				INFOPLIST_KEY_UISupportedInterfaceOrientations_iPad = "UIInterfaceOrientationPortrait UIInterfaceOrientationPortraitUpsideDown UIInterfaceOrientationLandscapeLeft UIInterfaceOrientationLandscapeRight";
				INFOPLIST_KEY_UISupportedInterfaceOrientations_iPhone = "UIInterfaceOrientationPortrait UIInterfaceOrientationLandscapeLeft UIInterfaceOrientationLandscapeRight";
				LD_RUNPATH_SEARCH_PATHS = (
					"$(inherited)",
					"@executable_path/Frameworks",
				);
				MARKETING_VERSION = 1.0;
				PRODUCT_BUNDLE_IDENTIFIER = io.xcode.com.Landmarks;
				PRODUCT_NAME = "$(TARGET_NAME)";
				SWIFT_EMIT_LOC_STRINGS = YES;
				SWIFT_VERSION = 5.0;
				TARGETED_DEVICE_FAMILY = "1,2";
			};
			name = Release;
		};
/* End XCBuildConfiguration section */

/* Begin XCConfigurationList section */
		0482A71C2C8B2B6F00E31439 /* Build configuration list for PBXProject "Landmarks" */ = {
			isa = XCConfigurationList;
			buildConfigurations = (
				0482A72D2C8B2B7000E31439 /* Debug */,
				0482A72E2C8B2B7000E31439 /* Release */,
			);
			defaultConfigurationIsVisible = 0;
			defaultConfigurationName = Release;
		};
		0482A72F2C8B2B7000E31439 /* Build configuration list for PBXNativeTarget "Landmarks" */ = {
			isa = XCConfigurationList;
			buildConfigurations = (
				0482A7302C8B2B7000E31439 /* Debug */,
				0482A7312C8B2B7000E31439 /* Release */,
			);
			defaultConfigurationIsVisible = 0;
			defaultConfigurationName = Release;
		};
/* End XCConfigurationList section */
	};
	rootObject = 0482A7192C8B2B6F00E31439 /* Project object */;
}
